// !$*UTF8*$!
{
	archiveVersion = 1;
	classes = {
	};
	objectVersion = 77;
	objects = {

/* Begin PBXContainerItemProxy section */
		1FBEE2D22CD68D6E00833B1A /* PBXContainerItemProxy */ = {
			isa = PBXContainerItemProxy;
			containerPortal = 1FBEE2B92CD68D6D00833B1A /* Project object */;
			proxyType = 1;
			remoteGlobalIDString = 1FBEE2C02CD68D6D00833B1A;
			remoteInfo = Wochenplan;
		};
		1FBEE2DC2CD68D6E00833B1A /* PBXContainerItemProxy */ = {
			isa = PBXContainerItemProxy;
			containerPortal = 1FBEE2B92CD68D6D00833B1A /* Project object */;
			proxyType = 1;
			remoteGlobalIDString = 1FBEE2C02CD68D6D00833B1A;
			remoteInfo = Wochenplan;
		};
/* End PBXContainerItemProxy section */

/* Begin PBXFileReference section */
		1FBEE2C12CD68D6D00833B1A /* Wochenplan.app */ = {isa = PBXFileReference; explicitFileType = wrapper.application; includeInIndex = 0; path = Wochenplan.app; sourceTree = BUILT_PRODUCTS_DIR; };
		1FBEE2D12CD68D6E00833B1A /* WochenplanTests.xctest */ = {isa = PBXFileReference; explicitFileType = wrapper.cfbundle; includeInIndex = 0; path = WochenplanTests.xctest; sourceTree = BUILT_PRODUCTS_DIR; };
		1FBEE2DB2CD68D6E00833B1A /* WochenplanUITests.xctest */ = {isa = PBXFileReference; explicitFileType = wrapper.cfbundle; includeInIndex = 0; path = WochenplanUITests.xctest; sourceTree = BUILT_PRODUCTS_DIR; };
/* End PBXFileReference section */

/* Begin PBXFileSystemSynchronizedRootGroup section */
		1FBEE2C32CD68D6D00833B1A /* Wochenplan */ = {
			isa = PBXFileSystemSynchronizedRootGroup;
			path = Wochenplan;
			sourceTree = "<group>";
		};
		1FBEE2D42CD68D6E00833B1A /* WochenplanTests */ = {
			isa = PBXFileSystemSynchronizedRootGroup;
			path = WochenplanTests;
			sourceTree = "<group>";
		};
		1FBEE2DE2CD68D6E00833B1A /* WochenplanUITests */ = {
			isa = PBXFileSystemSynchronizedRootGroup;
			path = WochenplanUITests;
			sourceTree = "<group>";
		};
/* End PBXFileSystemSynchronizedRootGroup section */

/* Begin PBXFrameworksBuildPhase section */
		1FBEE2BE2CD68D6D00833B1A /* Frameworks */ = {
			isa = PBXFrameworksBuildPhase;
			buildActionMask = 2147483647;
			files = (
			);
			runOnlyForDeploymentPostprocessing = 0;
		};
		1FBEE2CE2CD68D6E00833B1A /* Frameworks */ = {
			isa = PBXFrameworksBuildPhase;
			buildActionMask = 2147483647;
			files = (
			);
			runOnlyForDeploymentPostprocessing = 0;
		};
		1FBEE2D82CD68D6E00833B1A /* Frameworks */ = {
			isa = PBXFrameworksBuildPhase;
			buildActionMask = 2147483647;
			files = (
			);
			runOnlyForDeploymentPostprocessing = 0;
		};
/* End PBXFrameworksBuildPhase section */

/* Begin PBXGroup section */
		1FBEE2B82CD68D6D00833B1A = {
			isa = PBXGroup;
			children = (
				1FBEE2C32CD68D6D00833B1A /* Wochenplan */,
				1FBEE2D42CD68D6E00833B1A /* WochenplanTests */,
				1FBEE2DE2CD68D6E00833B1A /* WochenplanUITests */,
				1FBEE2C22CD68D6D00833B1A /* Products */,
			);
			sourceTree = "<group>";
		};
		1FBEE2C22CD68D6D00833B1A /* Products */ = {
			isa = PBXGroup;
			children = (
				1FBEE2C12CD68D6D00833B1A /* Wochenplan.app */,
				1FBEE2D12CD68D6E00833B1A /* WochenplanTests.xctest */,
				1FBEE2DB2CD68D6E00833B1A /* WochenplanUITests.xctest */,
			);
			name = Products;
			sourceTree = "<group>";
		};
/* End PBXGroup section */

/* Begin PBXNativeTarget section */
		1FBEE2C02CD68D6D00833B1A /* Wochenplan */ = {
			isa = PBXNativeTarget;
			buildConfigurationList = 1FBEE2E52CD68D6E00833B1A /* Build configuration list for PBXNativeTarget "Wochenplan" */;
			buildPhases = (
				1FBEE2BD2CD68D6D00833B1A /* Sources */,
				1FBEE2BE2CD68D6D00833B1A /* Frameworks */,
				1FBEE2BF2CD68D6D00833B1A /* Resources */,
			);
			buildRules = (
			);
			dependencies = (
			);
			fileSystemSynchronizedGroups = (
				1FBEE2C32CD68D6D00833B1A /* Wochenplan */,
			);
			name = Wochenplan;
			packageProductDependencies = (
			);
			productName = Wochenplan;
			productReference = 1FBEE2C12CD68D6D00833B1A /* Wochenplan.app */;
			productType = "com.apple.product-type.application";
		};
		1FBEE2D02CD68D6E00833B1A /* WochenplanTests */ = {
			isa = PBXNativeTarget;
			buildConfigurationList = 1FBEE2E82CD68D6E00833B1A /* Build configuration list for PBXNativeTarget "WochenplanTests" */;
			buildPhases = (
				1FBEE2CD2CD68D6E00833B1A /* Sources */,
				1FBEE2CE2CD68D6E00833B1A /* Frameworks */,
				1FBEE2CF2CD68D6E00833B1A /* Resources */,
			);
			buildRules = (
			);
			dependencies = (
				1FBEE2D32CD68D6E00833B1A /* PBXTargetDependency */,
			);
			fileSystemSynchronizedGroups = (
				1FBEE2D42CD68D6E00833B1A /* WochenplanTests */,
			);
			name = WochenplanTests;
			packageProductDependencies = (
			);
			productName = WochenplanTests;
			productReference = 1FBEE2D12CD68D6E00833B1A /* WochenplanTests.xctest */;
			productType = "com.apple.product-type.bundle.unit-test";
		};
		1FBEE2DA2CD68D6E00833B1A /* WochenplanUITests */ = {
			isa = PBXNativeTarget;
			buildConfigurationList = 1FBEE2EB2CD68D6E00833B1A /* Build configuration list for PBXNativeTarget "WochenplanUITests" */;
			buildPhases = (
				1FBEE2D72CD68D6E00833B1A /* Sources */,
				1FBEE2D82CD68D6E00833B1A /* Frameworks */,
				1FBEE2D92CD68D6E00833B1A /* Resources */,
			);
			buildRules = (
			);
			dependencies = (
				1FBEE2DD2CD68D6E00833B1A /* PBXTargetDependency */,
			);
			fileSystemSynchronizedGroups = (
				1FBEE2DE2CD68D6E00833B1A /* WochenplanUITests */,
			);
			name = WochenplanUITests;
			packageProductDependencies = (
			);
			productName = WochenplanUITests;
			productReference = 1FBEE2DB2CD68D6E00833B1A /* WochenplanUITests.xctest */;
			productType = "com.apple.product-type.bundle.ui-testing";
		};
/* End PBXNativeTarget section */

/* Begin PBXProject section */
		1FBEE2B92CD68D6D00833B1A /* Project object */ = {
			isa = PBXProject;
			attributes = {
				BuildIndependentTargetsInParallel = 1;
				LastSwiftUpdateCheck = 1610;
				LastUpgradeCheck = 1610;
				TargetAttributes = {
					1FBEE2C02CD68D6D00833B1A = {
						CreatedOnToolsVersion = 16.1;
					};
					1FBEE2D02CD68D6E00833B1A = {
						CreatedOnToolsVersion = 16.1;
						TestTargetID = 1FBEE2C02CD68D6D00833B1A;
					};
					1FBEE2DA2CD68D6E00833B1A = {
						CreatedOnToolsVersion = 16.1;
						TestTargetID = 1FBEE2C02CD68D6D00833B1A;
					};
				};
			};
			buildConfigurationList = 1FBEE2BC2CD68D6D00833B1A /* Build configuration list for PBXProject "Wochenplan" */;
			developmentRegion = en;
			hasScannedForEncodings = 0;
			knownRegions = (
				en,
				Base,
			);
			mainGroup = 1FBEE2B82CD68D6D00833B1A;
			minimizedProjectReferenceProxies = 1;
			preferredProjectObjectVersion = 77;
			productRefGroup = 1FBEE2C22CD68D6D00833B1A /* Products */;
			projectDirPath = "";
			projectRoot = "";
			targets = (
				1FBEE2C02CD68D6D00833B1A /* Wochenplan */,
				1FBEE2D02CD68D6E00833B1A /* WochenplanTests */,
				1FBEE2DA2CD68D6E00833B1A /* WochenplanUITests */,
			);
		};
/* End PBXProject section */

/* Begin PBXResourcesBuildPhase section */
		1FBEE2BF2CD68D6D00833B1A /* Resources */ = {
			isa = PBXResourcesBuildPhase;
			buildActionMask = 2147483647;
			files = (
			);
			runOnlyForDeploymentPostprocessing = 0;
		};
		1FBEE2CF2CD68D6E00833B1A /* Resources */ = {
			isa = PBXResourcesBuildPhase;
			buildActionMask = 2147483647;
			files = (
			);
			runOnlyForDeploymentPostprocessing = 0;
		};
		1FBEE2D92CD68D6E00833B1A /* Resources */ = {
			isa = PBXResourcesBuildPhase;
			buildActionMask = 2147483647;
			files = (
			);
			runOnlyForDeploymentPostprocessing = 0;
		};
/* End PBXResourcesBuildPhase section */

/* Begin PBXSourcesBuildPhase section */
		1FBEE2BD2CD68D6D00833B1A /* Sources */ = {
			isa = PBXSourcesBuildPhase;
			buildActionMask = 2147483647;
			files = (
			);
			runOnlyForDeploymentPostprocessing = 0;
		};
		1FBEE2CD2CD68D6E00833B1A /* Sources */ = {
			isa = PBXSourcesBuildPhase;
			buildActionMask = 2147483647;
			files = (
			);
			runOnlyForDeploymentPostprocessing = 0;
		};
		1FBEE2D72CD68D6E00833B1A /* Sources */ = {
			isa = PBXSourcesBuildPhase;
			buildActionMask = 2147483647;
			files = (
			);
			runOnlyForDeploymentPostprocessing = 0;
		};
/* End PBXSourcesBuildPhase section */

/* Begin PBXTargetDependency section */
		1FBEE2D32CD68D6E00833B1A /* PBXTargetDependency */ = {
			isa = PBXTargetDependency;
			target = 1FBEE2C02CD68D6D00833B1A /* Wochenplan */;
			targetProxy = 1FBEE2D22CD68D6E00833B1A /* PBXContainerItemProxy */;
		};
		1FBEE2DD2CD68D6E00833B1A /* PBXTargetDependency */ = {
			isa = PBXTargetDependency;
			target = 1FBEE2C02CD68D6D00833B1A /* Wochenplan */;
			targetProxy = 1FBEE2DC2CD68D6E00833B1A /* PBXContainerItemProxy */;
		};
/* End PBXTargetDependency section */

/* Begin XCBuildConfiguration section */
		1FBEE2E32CD68D6E00833B1A /* Debug */ = {
			isa = XCBuildConfiguration;
			buildSettings = {
				ALWAYS_SEARCH_USER_PATHS = NO;
				ASSETCATALOG_COMPILER_GENERATE_SWIFT_ASSET_SYMBOL_EXTENSIONS = YES;
				CLANG_ANALYZER_NONNULL = YES;
				CLANG_ANALYZER_NUMBER_OBJECT_CONVERSION = YES_AGGRESSIVE;
				CLANG_CXX_LANGUAGE_STANDARD = "gnu++20";
				CLANG_ENABLE_MODULES = YES;
				CLANG_ENABLE_OBJC_ARC = YES;
				CLANG_ENABLE_OBJC_WEAK = YES;
				CLANG_WARN_BLOCK_CAPTURE_AUTORELEASING = YES;
				CLANG_WARN_BOOL_CONVERSION = YES;
				CLANG_WARN_COMMA = YES;
				CLANG_WARN_CONSTANT_CONVERSION = YES;
				CLANG_WARN_DEPRECATED_OBJC_IMPLEMENTATIONS = YES;
				CLANG_WARN_DIRECT_OBJC_ISA_USAGE = YES_ERROR;
				CLANG_WARN_DOCUMENTATION_COMMENTS = YES;
				CLANG_WARN_EMPTY_BODY = YES;
				CLANG_WARN_ENUM_CONVERSION = YES;
				CLANG_WARN_INFINITE_RECURSION = YES;
				CLANG_WARN_INT_CONVERSION = YES;
				CLANG_WARN_NON_LITERAL_NULL_CONVERSION = YES;
				CLANG_WARN_OBJC_IMPLICIT_RETAIN_SELF = YES;
				CLANG_WARN_OBJC_LITERAL_CONVERSION = YES;
				CLANG_WARN_OBJC_ROOT_CLASS = YES_ERROR;
				CLANG_WARN_QUOTED_INCLUDE_IN_FRAMEWORK_HEADER = YES;
				CLANG_WARN_RANGE_LOOP_ANALYSIS = YES;
				CLANG_WARN_STRICT_PROTOTYPES = YES;
				CLANG_WARN_SUSPICIOUS_MOVE = YES;
				CLANG_WARN_UNGUARDED_AVAILABILITY = YES_AGGRESSIVE;
				CLANG_WARN_UNREACHABLE_CODE = YES;
				CLANG_WARN__DUPLICATE_METHOD_MATCH = YES;
				COPY_PHASE_STRIP = NO;
				DEBUG_INFORMATION_FORMAT = dwarf;
				ENABLE_STRICT_OBJC_MSGSEND = YES;
				ENABLE_TESTABILITY = YES;
				ENABLE_USER_SCRIPT_SANDBOXING = YES;
				GCC_C_LANGUAGE_STANDARD = gnu17;
				GCC_DYNAMIC_NO_PIC = NO;
				GCC_NO_COMMON_BLOCKS = YES;
				GCC_OPTIMIZATION_LEVEL = 0;
				GCC_PREPROCESSOR_DEFINITIONS = (
					"DEBUG=1",
					"$(inherited)",
				);
				GCC_WARN_64_TO_32_BIT_CONVERSION = YES;
				GCC_WARN_ABOUT_RETURN_TYPE = YES_ERROR;
				GCC_WARN_UNDECLARED_SELECTOR = YES;
				GCC_WARN_UNINITIALIZED_AUTOS = YES_AGGRESSIVE;
				GCC_WARN_UNUSED_FUNCTION = YES;
				GCC_WARN_UNUSED_VARIABLE = YES;
				IPHONEOS_DEPLOYMENT_TARGET = 18.1;
				LOCALIZATION_PREFERS_STRING_CATALOGS = YES;
				MTL_ENABLE_DEBUG_INFO = INCLUDE_SOURCE;
				MTL_FAST_MATH = YES;
				ONLY_ACTIVE_ARCH = YES;
				SDKROOT = iphoneos;
				SWIFT_ACTIVE_COMPILATION_CONDITIONS = "DEBUG $(inherited)";
				SWIFT_OPTIMIZATION_LEVEL = "-Onone";
			};
			name = Debug;
		};
		1FBEE2E42CD68D6E00833B1A /* Release */ = {
			isa = XCBuildConfiguration;
			buildSettings = {
				ALWAYS_SEARCH_USER_PATHS = NO;
				ASSETCATALOG_COMPILER_GENERATE_SWIFT_ASSET_SYMBOL_EXTENSIONS = YES;
				CLANG_ANALYZER_NONNULL = YES;
				CLANG_ANALYZER_NUMBER_OBJECT_CONVERSION = YES_AGGRESSIVE;
				CLANG_CXX_LANGUAGE_STANDARD = "gnu++20";
				CLANG_ENABLE_MODULES = YES;
				CLANG_ENABLE_OBJC_ARC = YES;
				CLANG_ENABLE_OBJC_WEAK = YES;
				CLANG_WARN_BLOCK_CAPTURE_AUTORELEASING = YES;
				CLANG_WARN_BOOL_CONVERSION = YES;
				CLANG_WARN_COMMA = YES;
				CLANG_WARN_CONSTANT_CONVERSION = YES;
				CLANG_WARN_DEPRECATED_OBJC_IMPLEMENTATIONS = YES;
				CLANG_WARN_DIRECT_OBJC_ISA_USAGE = YES_ERROR;
				CLANG_WARN_DOCUMENTATION_COMMENTS = YES;
				CLANG_WARN_EMPTY_BODY = YES;
				CLANG_WARN_ENUM_CONVERSION = YES;
				CLANG_WARN_INFINITE_RECURSION = YES;
				CLANG_WARN_INT_CONVERSION = YES;
				CLANG_WARN_NON_LITERAL_NULL_CONVERSION = YES;
				CLANG_WARN_OBJC_IMPLICIT_RETAIN_SELF = YES;
				CLANG_WARN_OBJC_LITERAL_CONVERSION = YES;
				CLANG_WARN_OBJC_ROOT_CLASS = YES_ERROR;
				CLANG_WARN_QUOTED_INCLUDE_IN_FRAMEWORK_HEADER = YES;
				CLANG_WARN_RANGE_LOOP_ANALYSIS = YES;
				CLANG_WARN_STRICT_PROTOTYPES = YES;
				CLANG_WARN_SUSPICIOUS_MOVE = YES;
				CLANG_WARN_UNGUARDED_AVAILABILITY = YES_AGGRESSIVE;
				CLANG_WARN_UNREACHABLE_CODE = YES;
				CLANG_WARN__DUPLICATE_METHOD_MATCH = YES;
				COPY_PHASE_STRIP = NO;
				DEBUG_INFORMATION_FORMAT = "dwarf-with-dsym";
				ENABLE_NS_ASSERTIONS = NO;
				ENABLE_STRICT_OBJC_MSGSEND = YES;
				ENABLE_USER_SCRIPT_SANDBOXING = YES;
				GCC_C_LANGUAGE_STANDARD = gnu17;
				GCC_NO_COMMON_BLOCKS = YES;
				GCC_WARN_64_TO_32_BIT_CONVERSION = YES;
				GCC_WARN_ABOUT_RETURN_TYPE = YES_ERROR;
				GCC_WARN_UNDECLARED_SELECTOR = YES;
				GCC_WARN_UNINITIALIZED_AUTOS = YES_AGGRESSIVE;
				GCC_WARN_UNUSED_FUNCTION = YES;
				GCC_WARN_UNUSED_VARIABLE = YES;
				IPHONEOS_DEPLOYMENT_TARGET = 18.1;
				LOCALIZATION_PREFERS_STRING_CATALOGS = YES;
				MTL_ENABLE_DEBUG_INFO = NO;
				MTL_FAST_MATH = YES;
				SDKROOT = iphoneos;
				SWIFT_COMPILATION_MODE = wholemodule;
				VALIDATE_PRODUCT = YES;
			};
			name = Release;
		};
		1FBEE2E62CD68D6E00833B1A /* Debug */ = {
			isa = XCBuildConfiguration;
			buildSettings = {
				ASSETCATALOG_COMPILER_APPICON_NAME = AppIcon;
				ASSETCATALOG_COMPILER_GLOBAL_ACCENT_COLOR_NAME = AccentColor;
				CODE_SIGN_STYLE = Automatic;
				CURRENT_PROJECT_VERSION = 1;
				DEVELOPMENT_ASSET_PATHS = "\"Wochenplan/Preview Content\"";
				DEVELOPMENT_TEAM = RA6VQ9228Y;
				ENABLE_PREVIEWS = YES;
				GENERATE_INFOPLIST_FILE = YES;
				INFOPLIST_KEY_UIApplicationSceneManifest_Generation = YES;
				INFOPLIST_KEY_UIApplicationSupportsIndirectInputEvents = YES;
				INFOPLIST_KEY_UILaunchScreen_Generation = YES;
				INFOPLIST_KEY_UISupportedInterfaceOrientations_iPad = "UIInterfaceOrientationPortrait UIInterfaceOrientationPortraitUpsideDown UIInterfaceOrientationLandscapeLeft UIInterfaceOrientationLandscapeRight";
				INFOPLIST_KEY_UISupportedInterfaceOrientations_iPhone = "UIInterfaceOrientationPortrait UIInterfaceOrientationLandscapeLeft UIInterfaceOrientationLandscapeRight";
				LD_RUNPATH_SEARCH_PATHS = (
					"$(inherited)",
					"@executable_path/Frameworks",
				);
				MARKETING_VERSION = 1.0;
				PRODUCT_BUNDLE_IDENTIFIER = de.fabiho.Wochenplan;
				PRODUCT_NAME = "$(TARGET_NAME)";
				SWIFT_EMIT_LOC_STRINGS = YES;
				SWIFT_VERSION = 5.0;
				TARGETED_DEVICE_FAMILY = "1,2";
			};
			name = Debug;
		};
		1FBEE2E72CD68D6E00833B1A /* Release */ = {
			isa = XCBuildConfiguration;
			buildSettings = {
				ASSETCATALOG_COMPILER_APPICON_NAME = AppIcon;
				ASSETCATALOG_COMPILER_GLOBAL_ACCENT_COLOR_NAME = AccentColor;
				CODE_SIGN_STYLE = Automatic;
				CURRENT_PROJECT_VERSION = 1;
				DEVELOPMENT_ASSET_PATHS = "\"Wochenplan/Preview Content\"";
				DEVELOPMENT_TEAM = RA6VQ9228Y;
				ENABLE_PREVIEWS = YES;
				GENERATE_INFOPLIST_FILE = YES;
				INFOPLIST_KEY_UIApplicationSceneManifest_Generation = YES;
				INFOPLIST_KEY_UIApplicationSupportsIndirectInputEvents = YES;
				INFOPLIST_KEY_UILaunchScreen_Generation = YES;
				INFOPLIST_KEY_UISupportedInterfaceOrientations_iPad = "UIInterfaceOrientationPortrait UIInterfaceOrientationPortraitUpsideDown UIInterfaceOrientationLandscapeLeft UIInterfaceOrientationLandscapeRight";
				INFOPLIST_KEY_UISupportedInterfaceOrientations_iPhone = "UIInterfaceOrientationPortrait UIInterfaceOrientationLandscapeLeft UIInterfaceOrientationLandscapeRight";
				LD_RUNPATH_SEARCH_PATHS = (
					"$(inherited)",
					"@executable_path/Frameworks",
				);
				MARKETING_VERSION = 1.0;
				PRODUCT_BUNDLE_IDENTIFIER = de.fabiho.Wochenplan;
				PRODUCT_NAME = "$(TARGET_NAME)";
				SWIFT_EMIT_LOC_STRINGS = YES;
				SWIFT_VERSION = 5.0;
				TARGETED_DEVICE_FAMILY = "1,2";
			};
			name = Release;
		};
		1FBEE2E92CD68D6E00833B1A /* Debug */ = {
			isa = XCBuildConfiguration;
			buildSettings = {
				BUNDLE_LOADER = "$(TEST_HOST)";
				CODE_SIGN_STYLE = Automatic;
				CURRENT_PROJECT_VERSION = 1;
				DEVELOPMENT_TEAM = RA6VQ9228Y;
				GENERATE_INFOPLIST_FILE = YES;
				IPHONEOS_DEPLOYMENT_TARGET = 18.1;
				MARKETING_VERSION = 1.0;
				PRODUCT_BUNDLE_IDENTIFIER = de.fabiho.WochenplanTests;
				PRODUCT_NAME = "$(TARGET_NAME)";
				SWIFT_EMIT_LOC_STRINGS = NO;
				SWIFT_VERSION = 5.0;
				TARGETED_DEVICE_FAMILY = "1,2";
				TEST_HOST = "$(BUILT_PRODUCTS_DIR)/Wochenplan.app/$(BUNDLE_EXECUTABLE_FOLDER_PATH)/Wochenplan";
			};
			name = Debug;
		};
		1FBEE2EA2CD68D6E00833B1A /* Release */ = {
			isa = XCBuildConfiguration;
			buildSettings = {
				BUNDLE_LOADER = "$(TEST_HOST)";
				CODE_SIGN_STYLE = Automatic;
				CURRENT_PROJECT_VERSION = 1;
				DEVELOPMENT_TEAM = RA6VQ9228Y;
				GENERATE_INFOPLIST_FILE = YES;
				IPHONEOS_DEPLOYMENT_TARGET = 18.1;
				MARKETING_VERSION = 1.0;
				PRODUCT_BUNDLE_IDENTIFIER = de.fabiho.WochenplanTests;
				PRODUCT_NAME = "$(TARGET_NAME)";
				SWIFT_EMIT_LOC_STRINGS = NO;
				SWIFT_VERSION = 5.0;
				TARGETED_DEVICE_FAMILY = "1,2";
				TEST_HOST = "$(BUILT_PRODUCTS_DIR)/Wochenplan.app/$(BUNDLE_EXECUTABLE_FOLDER_PATH)/Wochenplan";
			};
			name = Release;
		};
		1FBEE2EC2CD68D6E00833B1A /* Debug */ = {
			isa = XCBuildConfiguration;
			buildSettings = {
				CODE_SIGN_STYLE = Automatic;
				CURRENT_PROJECT_VERSION = 1;
				DEVELOPMENT_TEAM = RA6VQ9228Y;
				GENERATE_INFOPLIST_FILE = YES;
				MARKETING_VERSION = 1.0;
				PRODUCT_BUNDLE_IDENTIFIER = de.fabiho.WochenplanUITests;
				PRODUCT_NAME = "$(TARGET_NAME)";
				SWIFT_EMIT_LOC_STRINGS = NO;
				SWIFT_VERSION = 5.0;
				TARGETED_DEVICE_FAMILY = "1,2";
				TEST_TARGET_NAME = Wochenplan;
			};
			name = Debug;
		};
		1FBEE2ED2CD68D6E00833B1A /* Release */ = {
			isa = XCBuildConfiguration;
			buildSettings = {
				CODE_SIGN_STYLE = Automatic;
				CURRENT_PROJECT_VERSION = 1;
				DEVELOPMENT_TEAM = RA6VQ9228Y;
				GENERATE_INFOPLIST_FILE = YES;
				MARKETING_VERSION = 1.0;
				PRODUCT_BUNDLE_IDENTIFIER = de.fabiho.WochenplanUITests;
				PRODUCT_NAME = "$(TARGET_NAME)";
				SWIFT_EMIT_LOC_STRINGS = NO;
				SWIFT_VERSION = 5.0;
				TARGETED_DEVICE_FAMILY = "1,2";
				TEST_TARGET_NAME = Wochenplan;
			};
			name = Release;
		};
/* End XCBuildConfiguration section */

/* Begin XCConfigurationList section */
		1FBEE2BC2CD68D6D00833B1A /* Build configuration list for PBXProject "Wochenplan" */ = {
			isa = XCConfigurationList;
			buildConfigurations = (
				1FBEE2E32CD68D6E00833B1A /* Debug */,
				1FBEE2E42CD68D6E00833B1A /* Release */,
			);
			defaultConfigurationIsVisible = 0;
			defaultConfigurationName = Release;
		};
		1FBEE2E52CD68D6E00833B1A /* Build configuration list for PBXNativeTarget "Wochenplan" */ = {
			isa = XCConfigurationList;
			buildConfigurations = (
				1FBEE2E62CD68D6E00833B1A /* Debug */,
				1FBEE2E72CD68D6E00833B1A /* Release */,
			);
			defaultConfigurationIsVisible = 0;
			defaultConfigurationName = Release;
		};
		1FBEE2E82CD68D6E00833B1A /* Build configuration list for PBXNativeTarget "WochenplanTests" */ = {
			isa = XCConfigurationList;
			buildConfigurations = (
				1FBEE2E92CD68D6E00833B1A /* Debug */,
				1FBEE2EA2CD68D6E00833B1A /* Release */,
			);
			defaultConfigurationIsVisible = 0;
			defaultConfigurationName = Release;
		};
		1FBEE2EB2CD68D6E00833B1A /* Build configuration list for PBXNativeTarget "WochenplanUITests" */ = {
			isa = XCConfigurationList;
			buildConfigurations = (
				1FBEE2EC2CD68D6E00833B1A /* Debug */,
				1FBEE2ED2CD68D6E00833B1A /* Release */,
			);
			defaultConfigurationIsVisible = 0;
			defaultConfigurationName = Release;
		};
/* End XCConfigurationList section */
	};
	rootObject = 1FBEE2B92CD68D6D00833B1A /* Project object */;
}
